{
  "lockfileVersion": 1,
  "configVersion": 1,
  "workspaces": {
    "": {
      "name": "github-down",
      "dependencies": {
        "@kjanat/dreamcli": "^3.0.0-rc.6",
        "ansispeck": "^0.1.2",
      },
      "devDependencies": {
        "@biomejs/biome": ">=2.5,<2.5.3",
        "@types/bun": "^1.3",
        "@types/node": "^26",
        "runner-run": "^0.19.1",
        "statuspage.io": "^3.5",
        "tsdown": "^0.22",
        "typescript": "^7",
      },
    },
  },
  "packages": {
    "@biomejs/biome": ["@biomejs/biome@2.5.2", "", { "optionalDependencies": { "@biomejs/cli-darwin-arm64": "2.5.2", "@biomejs/cli-darwin-x64": "2.5.2", "@biomejs/cli-linux-arm64": "2.5.2", "@biomejs/cli-linux-arm64-musl": "2.5.2", "@biomejs/cli-linux-x64": "2.5.2", "@biomejs/cli-linux-x64-musl": "2.5.2", "@biomejs/cli-win32-arm64": "2.5.2", "@biomejs/cli-win32-x64": "2.5.2" }, "bin": { "biome": "bin/biome" } }, "sha512-VQ3RCqr7JmDIX+w6stWYl+g/3bYofN3q2wDBHUKKc/c7i5QWrFKFBZYCYPWTE6agsUPMIZZe6/CMmVUfUAhkKA=="],

    "@biomejs/cli-darwin-arm64": ["@biomejs/cli-darwin-arm64@2.5.2", "", { "os": "darwin", "cpu": "arm64" }, "sha512-e7P3P7EkwFc/KiX2AHw4YDLIBOMfG9CPCAwy52k5Bp0dfhkozx9hf6wCmIr2QeXy2XeccJ3V/Sg+hDmzYEqxSg=="],

    "@biomejs/cli-darwin-x64": ["@biomejs/cli-darwin-x64@2.5.2", "", { "os": "darwin", "cpu": "x64" }, "sha512-ymzMvjC1Jg0b9K0D26ZdARqFQXs7MocfLC5FOCGfkC0Ss+ACUJkX5364ZM5nT4NLZanHRZNVrZEy+Ibwcvux/g=="],

    "@biomejs/cli-linux-arm64": ["@biomejs/cli-linux-arm64@2.5.2", "", { "os": "linux", "cpu": "arm64" }, "sha512-t7sseOmqND57uUWTwlawU6BYj+J06T/9EkydzBhkrgw/FK3QVhjU2wsJR0frljrKZ0/I8A/rYw7284QgqjQfIQ=="],

    "@biomejs/cli-linux-arm64-musl": ["@biomejs/cli-linux-arm64-musl@2.5.2", "", { "os": "linux", "cpu": "arm64" }, "sha512-w+ANG0ZvTu9IeEg9QnstoOnk6L0fpwJifW6aHR18+cb5Z39bkANItYjAfMrnvce5tmMK+IQ6nPX7/kQFdam5iw=="],

    "@biomejs/cli-linux-x64": ["@biomejs/cli-linux-x64@2.5.2", "", { "os": "linux", "cpu": "x64" }, "sha512-M/lOZrewzTCRDINbjhQ1gYYru37KlD3kJBQwwKCG0ckz5E9IZwIoJ3X0wBwRXA+yBDIwWUuPBHS67HzJY4dTfA=="],

    "@biomejs/cli-linux-x64-musl": ["@biomejs/cli-linux-x64-musl@2.5.2", "", { "os": "linux", "cpu": "x64" }, "sha512-VArNLAzND063tF+XY0yPyM+DyahpzOMzOAvb7qs259nhjJWRjvjZdssuA+Rfl+l07+NOesKZ0Xu2yFrXyBMtzw=="],

    "@biomejs/cli-win32-arm64": ["@biomejs/cli-win32-arm64@2.5.2", "", { "os": "win32", "cpu": "arm64" }, "sha512-kbjFFKyZlzYnAuw7sRy5qDoFG6zrP40UK08oPQsWK0ct3NMnGSt+Bs1iviEEyEIP57N5MrykGXdO/wRiaR4lww=="],

    "@biomejs/cli-win32-x64": ["@biomejs/cli-win32-x64@2.5.2", "", { "os": "win32", "cpu": "x64" }, "sha512-4InchVpdVmdkkkgjQqKpgvyu+VPnoF/7RPSw5YATgEVpt2j72wcCAeV5TwaE9ZGJUZWZn7v2CwSAj6CrMJEx8A=="],

    "@emnapi/core": ["@emnapi/core@1.11.1", "", { "dependencies": { "@emnapi/wasi-threads": "1.2.2", "tslib": "^2.4.0" } }, "sha512-RSvbQmHzdKzNsLYa/wHrbc3KN4sYLKAdPZxqiM2HATqv/SBk2/ENSHpvXGaLOMcsAyz0poEGqkmmKYG3OWiJEQ=="],

    "@emnapi/runtime": ["@emnapi/runtime@1.11.1", "", { "dependencies": { "tslib": "^2.4.0" } }, "sha512-vgj7R3y3Wgx24IQaGPA/R6YFXLHVMOZ0uVEyIQPaWs+rd1AzfEMXlAC22FYwO1XkKR6NPsq7mUandH8oIRdZFw=="],

    "@emnapi/wasi-threads": ["@emnapi/wasi-threads@1.2.2", "", { "dependencies": { "tslib": "^2.4.0" } }, "sha512-c95qOXkHdydNKhscBTebqEC1CVAZpyqOfVfBzQ1qgzyl3gfeldUjIggDbIZgDKsHLgnsM+igH7TJ/eAasaVuMA=="],

    "@ffflorian/api-client": ["@ffflorian/api-client@2.5.1", "", {}, "sha512-tQ1tu123z8wMkAkPGokEtzDtnXm9A7s0GX4wn3VMO+DFN0983W4ipC4HWzhrpzVM58BDdoXXrvrRfsrEzTiOpA=="],

    "@kjanat/dreamcli": ["@kjanat/dreamcli@3.0.0-rc.6", "", { "dependencies": { "ansispeck": "^0.1.2" } }, "sha512-Tokdg0WxFW8XdHdBMZeCdApGdocRhTXIM002XjOB0quz2iDlHpIcVpAhqIpIB5ZENBwMQ5PudFPWrbfvrB7/BA=="],

    "@napi-rs/wasm-runtime": ["@napi-rs/wasm-runtime@1.1.6", "", { "dependencies": { "@tybys/wasm-util": "^0.10.3" }, "peerDependencies": { "@emnapi/core": "^1.7.1", "@emnapi/runtime": "^1.7.1" } }, "sha512-ZLv/JdUfkvOy9eCnnBaGfiO+XimbjebAeO+MRQqD/B+FR1tnRN0tpKSJHRbE8sFfS6aqsXZ67TQjfwfsxULVbg=="],

    "@oxc-project/types": ["@oxc-project/types@0.139.0", "", {}, "sha512-r9gHphtCs+1M7J0pw6Sn/hh/Wpa/iQrOOkrNAlVLF/gHq+/CJmHIWKKUUhdWjcD6CIa8idarspCsASiXCXvFUw=="],

    "@quansync/fs": ["@quansync/fs@1.0.0", "", { "dependencies": { "quansync": "^1.0.0" } }, "sha512-4TJ3DFtlf1L5LDMaM6CanJ/0lckGNtJcMjQ1NAV6zDmA0tEHKZtxNKin8EgPaVX1YzljbxckyT2tJrpQKAtngQ=="],

    "@rolldown/binding-android-arm64": ["@rolldown/binding-android-arm64@1.1.5", "", { "os": "android", "cpu": "arm64" }, "sha512-lZg8fqIv2v7FF237bwMgzGZEJvGL79/s5knJ/i6FmsGF4XXlzccZ4jb+TrFIxtSSxFtIpdsgrPZeMk1I9AFcyQ=="],

    "@rolldown/binding-darwin-arm64": ["@rolldown/binding-darwin-arm64@1.1.5", "", { "os": "darwin", "cpu": "arm64" }, "sha512-51Bnx9pNiMRKSUNtBfySkNJ9vMU9Hh3I1ozDd6gyPPYzaXCfnptUcEZxXGYFn+ul2dtcMUiqGR1Yai2K10uoTw=="],

    "@rolldown/binding-darwin-x64": ["@rolldown/binding-darwin-x64@1.1.5", "", { "os": "darwin", "cpu": "x64" }, "sha512-Tm+gbfC0aHu1tBA/JvKQh32S0K6YgCHkiAF4/W6xX0K0RmNuc94VeK419dJoE65R5aRxmo+noZQSWrAMF6yb6g=="],

    "@rolldown/binding-freebsd-x64": ["@rolldown/binding-freebsd-x64@1.1.5", "", { "os": "freebsd", "cpu": "x64" }, "sha512-JMzDKCCXq93YccG5gz3hvOs1oXRKAf0XYpfOS88e+wZrC8Iugj6j68867vrYZkvpDDpKn/KoKORThmchMpF6TA=="],

    "@rolldown/binding-linux-arm-gnueabihf": ["@rolldown/binding-linux-arm-gnueabihf@1.1.5", "", { "os": "linux", "cpu": "arm" }, "sha512-uML21j2K5TfPGutKxub+M+nLjZIrWjXQ5Grx4lCe/nimTj9B4L63zHpjXLl4y0L3mcm2htEQIb06oCG/szerNw=="],

    "@rolldown/binding-linux-arm64-gnu": ["@rolldown/binding-linux-arm64-gnu@1.1.5", "", { "os": "linux", "cpu": "arm64" }, "sha512-navSiuTMogvnQoZoM/v+l3ZWo50/NTwSHSzheABx/RCnmUPaKwq9qSo4Br2OYRs21+Fz8uFqITZM3H4opOB0/Q=="],

    "@rolldown/binding-linux-arm64-musl": ["@rolldown/binding-linux-arm64-musl@1.1.5", "", { "os": "linux", "cpu": "arm64" }, "sha512-lAryqH7IteztmCXQXk0etKj4wBQ7Gx5S6LjKhsgp9zb8I5bsuvU/2llH1hDQcjsFeqIsovMVN339/8pUDDBXxA=="],

    "@rolldown/binding-linux-ppc64-gnu": ["@rolldown/binding-linux-ppc64-gnu@1.1.5", "", { "os": "linux", "cpu": "ppc64" }, "sha512-fsK/sNBnxzBlL4O1JNrZakVQxPspqpED5dLtNsZS9oOKmtSpdNIzxH2kkol5HYTWJN47sE20ztMJPxfZ89qGOg=="],

    "@rolldown/binding-linux-s390x-gnu": ["@rolldown/binding-linux-s390x-gnu@1.1.5", "", { "os": "linux", "cpu": "s390x" }, "sha512-gLYb4BIadlfTOYT5gO503n8zQjXflgzpD0FcyKh0Mzx3rqCZKnHoJWV9xe1KXUJ5lx2JfcSHr/mhzS0PC/McAA=="],

    "@rolldown/binding-linux-x64-gnu": ["@rolldown/binding-linux-x64-gnu@1.1.5", "", { "os": "linux", "cpu": "x64" }, "sha512-FjcpEKUyJygHgs1o50VYNvkt5+7Le/VEdYt0AkRpkL33MnyQfwr8l5mXwMmfmTbyMPr5vJLC+8/Gd9gXnwU1QQ=="],

    "@rolldown/binding-linux-x64-musl": ["@rolldown/binding-linux-x64-musl@1.1.5", "", { "os": "linux", "cpu": "x64" }, "sha512-Me+PfPI2TMeOQk0gYWfLQZtTktrmzbr8cDboqX83XKc7UrgAi55gF+2dUkWdxd19n55Essp2yeca+O9N5rBxHg=="],

    "@rolldown/binding-openharmony-arm64": ["@rolldown/binding-openharmony-arm64@1.1.5", "", { "os": "none", "cpu": "arm64" }, "sha512-yc5WrLzXks6zCQfn9Oxr8pORKyl/pF+QjHmW/Qx3qu0oyrrNC+y2JLTU1E2rcWYAmzlnqngWXHQjy51VzW70Vw=="],

    "@rolldown/binding-wasm32-wasi": ["@rolldown/binding-wasm32-wasi@1.1.5", "", { "dependencies": { "@emnapi/core": "1.11.1", "@emnapi/runtime": "1.11.1", "@napi-rs/wasm-runtime": "^1.1.6" }, "cpu": "none" }, "sha512-VbQGPX2b4r48TAMIM2cjgluIM1HYutm4pcTEJsle7iEP7sB1dFqtPLBVbdLAZCxy1txCcPxf4QFf4v8uvltPqA=="],

    "@rolldown/binding-win32-arm64-msvc": ["@rolldown/binding-win32-arm64-msvc@1.1.5", "", { "os": "win32", "cpu": "arm64" }, "sha512-gHv82k63z4qpV5+Q1y/12KrK0ltWBukVDI8nZcbT7Tt/ZlOIVwppazneq0F93oDxTo3IgAMEDIoQh3E2n6mVsw=="],

    "@rolldown/binding-win32-x64-msvc": ["@rolldown/binding-win32-x64-msvc@1.1.5", "", { "os": "win32", "cpu": "x64" }, "sha512-tTZuDBPw85tEN5PQi1pnEBzDy0Z49HtScLAbD5t6hyeU92A95pRWaSMw1GZZi/RwgSgUIl0xrSlXIT/9QzvYSA=="],

    "@rolldown/pluginutils": ["@rolldown/pluginutils@1.0.1", "", {}, "sha512-2j9bGt5Jh8hj+vPtgzPtl72j0yRxHAyumoo6TNfAjsLB04UtpSvPbPcDcBMxz7n+9CYB0c1GxQFxYRg2jimqGw=="],

    "@runner-run/darwin-arm64": ["@runner-run/darwin-arm64@0.19.1", "", { "os": "darwin", "cpu": "arm64", "bin": { "runner": "bin/runner", "run": "bin/run" } }, "sha512-tFWMsiLh25+E1CjgGbjVJtPHTMRnEzgYGYrE1re9G3hdYHAjHNSBuxUp97cp/LCuN/pzIXX6QXBuxPGJvWhkhg=="],

    "@runner-run/darwin-x64": ["@runner-run/darwin-x64@0.19.1", "", { "os": "darwin", "cpu": "x64", "bin": { "runner": "bin/runner", "run": "bin/run" } }, "sha512-x5e+qfSekQh4y0lb4yb6W0iGmewoUDWUsMCuznxrZEfJDPTVILNo4CRRlZ9GmOWU9uZB5ZCLMmPcRsGFa8G+Rw=="],

    "@runner-run/freebsd-arm64": ["@runner-run/freebsd-arm64@0.19.1", "", { "os": "freebsd", "cpu": "arm64", "bin": { "runner": "bin/runner", "run": "bin/run" } }, "sha512-4NgTvoB+vCGAnWXhpCHX52blHVYWlu0fiebTcA6dJ+le4BlA/Bo8ZQAmDqY1njkQJ5wE7rVH699I5gqqYhKaCQ=="],

    "@runner-run/freebsd-x64": ["@runner-run/freebsd-x64@0.19.1", "", { "os": "freebsd", "cpu": "x64", "bin": { "runner": "bin/runner", "run": "bin/run" } }, "sha512-vc//DtuzH5oKBMmJteTg6zrDhupGXSxd8qrVexNXOg4+URzW45V90DMh1K37mrw4jT96vIIKhHf1c7vLNXkNAw=="],

    "@runner-run/linux-arm64-gnu": ["@runner-run/linux-arm64-gnu@0.19.1", "", { "os": "linux", "cpu": "arm64", "bin": { "runner": "bin/runner", "run": "bin/run" } }, "sha512-AQM7g1rLGz27waxqvf+4muzz2gfVqSbmb9ZDdW3aIrD2R7NqwPoLsDSnFX30TcLESMAOGHkeMq9D2ixFkbu0Qg=="],

    "@runner-run/linux-arm64-musl": ["@runner-run/linux-arm64-musl@0.19.1", "", { "os": "linux", "cpu": "arm64", "bin": { "runner": "bin/runner", "run": "bin/run" } }, "sha512-0ndZbZfBfkV2CJfCADnQ4QDj3/3ywf9nKnRd/WvlOkiXmlJYwK605jxxgh03E21SB7c1G9/vaznsT/+1F1idXw=="],

    "@runner-run/linux-armv7-gnueabihf": ["@runner-run/linux-armv7-gnueabihf@0.19.1", "", { "os": "linux", "cpu": "arm", "bin": { "runner": "bin/runner", "run": "bin/run" } }, "sha512-jpCbRhsLnRVLYpWPjOrbltov5qmXch3+qfg/6WPQRw7c5cE+nqT9jRVjj/E3zyBw3gXRu6bjJHoJ2eTZMQ0J2w=="],

    "@runner-run/linux-x64-gnu": ["@runner-run/linux-x64-gnu@0.19.1", "", { "os": "linux", "cpu": "x64", "bin": { "runner": "bin/runner", "run": "bin/run" } }, "sha512-gbNXQEgHqSTDo5UResezLWiUxzcTvhP4w1pEYEjco/aYVjCbxEZyVlFm7S6GNzer7wlMKbygTKHcKVWhjCckSA=="],

    "@runner-run/linux-x64-musl": ["@runner-run/linux-x64-musl@0.19.1", "", { "os": "linux", "cpu": "x64", "bin": { "runner": "bin/runner", "run": "bin/run" } }, "sha512-5WBQia8Cq5JGqBr6Lx9Sk/aVeaoeL363h1t+U9KsxQaRH/sMuPEiGsN3nugiuVF5Lbxe1xeuNTEs+vpB45r+yg=="],

    "@runner-run/netbsd-x64": ["@runner-run/netbsd-x64@0.19.1", "", { "os": "none", "cpu": "x64", "bin": { "runner": "bin/runner", "run": "bin/run" } }, "sha512-yCiwI3ou+e4aYG8mOtGQK5U6gZubB9oEZC3XyrPuXdRFdK1/dkbcRRjsLXl7UJ8N6F/2sO5nLC6HHk87lyzlSA=="],

    "@runner-run/win32-arm64-msvc": ["@runner-run/win32-arm64-msvc@0.19.1", "", { "os": "win32", "cpu": "arm64", "bin": { "runner": "bin/runner.exe", "run": "bin/run.exe" } }, "sha512-9xc6SFmdHCYP4/4LRgAhE2Ne4fVIthnex6mhciYvqXuG8Tfq7wSdTtmqWa615XcWZp0ULR++FbNrLZnc9TLyRg=="],

    "@runner-run/win32-ia32-msvc": ["@runner-run/win32-ia32-msvc@0.19.1", "", { "os": "win32", "cpu": "ia32", "bin": { "runner": "bin/runner.exe", "run": "bin/run.exe" } }, "sha512-KDR4KhJnL6ukFP+3luYZJhI+RpXVxYwKcu+F6ecWVZV6eAGwh2ftOTl+C4XecpKROv1f6ulYJP9OoEjFHD9Zdg=="],

    "@runner-run/win32-x64-msvc": ["@runner-run/win32-x64-msvc@0.19.1", "", { "os": "win32", "cpu": "x64", "bin": { "runner": "bin/runner.exe", "run": "bin/run.exe" } }, "sha512-FXbzAa1gkt+kRS5+7pNWU81fDtrMOkXe/AAXW0Nq3/w/YMu/U9XjDB1rfZ+5QaSSCFk7DqRzhfGww2sDe2BIeQ=="],

    "@tybys/wasm-util": ["@tybys/wasm-util@0.10.3", "", { "dependencies": { "tslib": "^2.4.0" } }, "sha512-F3fo1MYrRJYL3zER0OUOmkutjr1Vp23m7OsSgp7nq4SP6OqX6C/56XFIPAl5bt3zaBRjmW7SGz3u/6LwFpYcOg=="],

    "@types/bun": ["@types/bun@1.3.14", "", { "dependencies": { "bun-types": "1.3.14" } }, "sha512-h1hFqFVcvAvD9j9K7ZW7vd82aSA+rTdznZa+5bwvCwqSB1jmmfLcbIWhOLx1/+boy/xmjgCs/OMUL8hRJSmnPw=="],

    "@types/node": ["@types/node@26.1.1", "", { "dependencies": { "undici-types": "~8.3.0" } }, "sha512-nxAkRSVkN1Y0JC1W8ky/fTfkGsMmcrRsbx+3XoZE+rMOX71kLYTV7fLXpqud1GpbpP5TuffXFqfX7fH2GgZREw=="],

    "@typescript/typescript-aix-ppc64": ["@typescript/typescript-aix-ppc64@7.0.2", "", { "os": "aix", "cpu": "ppc64" }, "sha512-MTKKkWB7p/0E9xi1d1tHtZ5PiLkGEMIq88pK2CubZjOsLtYTLqhgIgi6zepFa+9GHZ6h05NMCkQxGKiPXMxXtQ=="],

    "@typescript/typescript-darwin-arm64": ["@typescript/typescript-darwin-arm64@7.0.2", "", { "os": "darwin", "cpu": "arm64" }, "sha512-gowzar9MwS/aRWp6f3a4KUqzRjAZjOsmGNCM6LcTgXum+dBfgsBVMN+AgvOCCbguXyick6LJhpBszxMebJ8syA=="],

    "@typescript/typescript-darwin-x64": ["@typescript/typescript-darwin-x64@7.0.2", "", { "os": "darwin", "cpu": "x64" }, "sha512-SZ9xZInqApNlNGc9s0W1VSsktYSOe9cFqNOIqmN1Gs8SmkjKZYFt017G4VwPxASInODuAdbTW7sXiFUf893RgA=="],

    "@typescript/typescript-freebsd-arm64": ["@typescript/typescript-freebsd-arm64@7.0.2", "", { "os": "freebsd", "cpu": "arm64" }, "sha512-W5NH4y/J0plIIS5b2xvTEkU7JFxyqdMAOgf+Ilhl0vHQXKO5dZoxd+C/jEtq56c4F3wk71RB4BMRQ2XdI+bwYQ=="],

    "@typescript/typescript-freebsd-x64": ["@typescript/typescript-freebsd-x64@7.0.2", "", { "os": "freebsd", "cpu": "x64" }, "sha512-UMGDx5sTpzNw3WiPebH7l90IWfJggEd+egHt/q6p7/Cm3zqoV7VxkGXt+3DxPIw8CcmvAB0j3sVVfbhX+M4Tpw=="],

    "@typescript/typescript-linux-arm": ["@typescript/typescript-linux-arm@7.0.2", "", { "os": "linux", "cpu": "arm" }, "sha512-gffT3xPz9sR7j/YJExkyPntrI0P2EP9XbOyWzth2/Gs0RstK+90RBcO0ncXoXy/beYll1SXw846Nf2zdnEz0QQ=="],

    "@typescript/typescript-linux-arm64": ["@typescript/typescript-linux-arm64@7.0.2", "", { "os": "linux", "cpu": "arm64" }, "sha512-Qh4eU4/y3yDjnfjjyPYihMj5/ODIlmt+Bzu17OI+fiSRDW57QmU5SiN63exPRNJPKUzcc1INa1NXdrJ+MqHjUQ=="],

    "@typescript/typescript-linux-loong64": ["@typescript/typescript-linux-loong64@7.0.2", "", { "os": "linux", "cpu": "none" }, "sha512-uEHck9i8hoAzXPiYRib1O7miOnz23SxIeVl6F4LXox+qov1K35jHcEW6VHKvZI+pyvl7fZEP4MCU5LYvIq1GuQ=="],

    "@typescript/typescript-linux-mips64el": ["@typescript/typescript-linux-mips64el@7.0.2", "", { "os": "linux", "cpu": "none" }, "sha512-R4KvAMnE43W5Qeqb0Ly56O3mWMWIAgsMyz36DCaycd5nbg/9kzm0liw3JocfRqyJY0KPmzFjbswozXyW0DnIYA=="],

    "@typescript/typescript-linux-ppc64": ["@typescript/typescript-linux-ppc64@7.0.2", "", { "os": "linux", "cpu": "ppc64" }, "sha512-DORx5b3sd/4S7eayxm4FQv+A7CrkUIGRaHiwI8oiHTAI1fAPWhF4J0vAlkC8biAlHSVVwxMQ3tjZ2/DVbnQiiA=="],

    "@typescript/typescript-linux-riscv64": ["@typescript/typescript-linux-riscv64@7.0.2", "", { "os": "linux", "cpu": "none" }, "sha512-wf0jqEDOjrPRnKwYRyyJDRo11KMbvMFrU+q4zqKyChODBzvlkbhNQfKvLxQCcwTpdDaXSHZTVuh0JoCrKCUMHQ=="],

    "@typescript/typescript-linux-s390x": ["@typescript/typescript-linux-s390x@7.0.2", "", { "os": "linux", "cpu": "s390x" }, "sha512-IkwJc3L7yhytWd/ewjyxNDfOmswCm9GWMJT/ue/dU4aZNbwZeYAetq42VyLmsmSjvoX7z74X6ZaYCtzAr0EuGw=="],

    "@typescript/typescript-linux-x64": ["@typescript/typescript-linux-x64@7.0.2", "", { "os": "linux", "cpu": "x64" }, "sha512-EYdf2cNg7rgCWJnxCdJ+F3V39O8ihb37eHAu1LK8oAFizgTQbPOK7zHHXbPt8rX24COqODXeI3sIf0fCXG7H/A=="],

    "@typescript/typescript-netbsd-arm64": ["@typescript/typescript-netbsd-arm64@7.0.2", "", { "os": "none", "cpu": "arm64" }, "sha512-+polYF4MF04aPpO5FTkHran9yUQDSXqy5GiSDKpsll5jy3l3+g9QLhpf39T+ePtefhXLOGrLl0QIjkQP6VnelA=="],

    "@typescript/typescript-netbsd-x64": ["@typescript/typescript-netbsd-x64@7.0.2", "", { "os": "none", "cpu": "x64" }, "sha512-8YIT0EHM/3dq10ZOVF/A7pc/YSMtbcecct4rWtexrnSCHOPcpC2KTLXfTCR6vDpnSiY12heNb1GiN/wu+T/FyA=="],

    "@typescript/typescript-openbsd-arm64": ["@typescript/typescript-openbsd-arm64@7.0.2", "", { "os": "openbsd", "cpu": "arm64" }, "sha512-APT8+ClYnuYm1u9+kgGXoMj2VzWzcymwh2gNSQVySHfkRDGOTVkoWLjCmOQSaO+PoqQ57B0flRp9SA+7GnnkzQ=="],

    "@typescript/typescript-openbsd-x64": ["@typescript/typescript-openbsd-x64@7.0.2", "", { "os": "openbsd", "cpu": "x64" }, "sha512-yX7s+Q0Dln0Dt9tEzZsAjXXR/+ytBM7AlglaqyeMPxQszJ1JhlJdZ6jLA+IzldHtflX81em7lDao1xXu+aRRkg=="],

    "@typescript/typescript-sunos-x64": ["@typescript/typescript-sunos-x64@7.0.2", "", { "os": "sunos", "cpu": "x64" }, "sha512-dLJDGaLZ1D4HPQn62u1n8mBDkJREwMsAkCdkwd4Ieqw+x3TUyTsqY0YiBCtE6H6OzzgGk3iuZ3vFWRS+E8/d1g=="],

    "@typescript/typescript-win32-arm64": ["@typescript/typescript-win32-arm64@7.0.2", "", { "os": "win32", "cpu": "arm64" }, "sha512-Gyl1Vy6OsWesLzmq+EP0Fb7b4Nid5232AvcA2SFcdYreldpNtYFFofPjnt62y9hQy7VTaZp65ICJjuAQRaVcIQ=="],

    "@typescript/typescript-win32-x64": ["@typescript/typescript-win32-x64@7.0.2", "", { "os": "win32", "cpu": "x64" }, "sha512-0BQ3HkAHHlKLSp1qRvf3SUhGpGsDuhB/jgFw75guyqbxJqEaS0Cw/VFO8i2nHglJUzQCRtMMR/IBAKE3ETMC4g=="],

    "@yuku-codegen/binding-darwin-arm64": ["@yuku-codegen/binding-darwin-arm64@0.5.44", "", { "os": "darwin", "cpu": "arm64" }, "sha512-mpZc7hrjl/qxcbEMS6vVLE0lO4DjiXCvrp3gYbZ58bbmsSxSGCTlOCA0lpeLXAKOZxe0ZrVoqKteaewFF2Vbuw=="],

    "@yuku-codegen/binding-darwin-x64": ["@yuku-codegen/binding-darwin-x64@0.5.44", "", { "os": "darwin", "cpu": "x64" }, "sha512-PCt776PnGtnQYimxk18IyvPf/BQ6CNU95W+6eaoQfeME8ra+7v3pNNoTAmLfSveUC9KZPaoajR9NqkKfEVjA2Q=="],

    "@yuku-codegen/binding-freebsd-x64": ["@yuku-codegen/binding-freebsd-x64@0.5.44", "", { "os": "freebsd", "cpu": "x64" }, "sha512-5MNu1R4ysytPLMdl1UlGyjgAbUdT8fguW/QRo+pyEymbuWRN5n8JEHCFpm4AsWdP61fStagSpPDJcwN+mwC9Lg=="],

    "@yuku-codegen/binding-linux-arm-gnu": ["@yuku-codegen/binding-linux-arm-gnu@0.5.44", "", { "os": "linux", "cpu": "arm" }, "sha512-xbP2qQ7/h6ZZKeckCiI2osB5SE5PBfLb4uzIfO1BSTX+9rlBKTqomxDaCib7aPf2X1CXMiIq+i7AK1EhBa5a7A=="],

    "@yuku-codegen/binding-linux-arm-musl": ["@yuku-codegen/binding-linux-arm-musl@0.5.44", "", { "os": "linux", "cpu": "arm" }, "sha512-gmXKMCpgkUm5PllGMKBMoBmqgbTQkx+S85eE46LctuwTSKS/K7u65NE6t4zk6cLDvZpV67enycKXBORWn6q7xA=="],

    "@yuku-codegen/binding-linux-arm64-gnu": ["@yuku-codegen/binding-linux-arm64-gnu@0.5.44", "", { "os": "linux", "cpu": "arm64" }, "sha512-eOoejNUtnHs1/TMn4wryOAG/TarvlOqSZtRPeS56liBKp/GVQSirqTM9AITSGPLSdK1u7fZWMdj5IOEoJp3ruw=="],

    "@yuku-codegen/binding-linux-arm64-musl": ["@yuku-codegen/binding-linux-arm64-musl@0.5.44", "", { "os": "linux", "cpu": "arm64" }, "sha512-xTzrhEMy1mdv5+SbJPPlwqlMrhXGPntE2f12TLi+dNPXhif4iXCGJpoh8pV9nwZFE/cq1ITuTnjIfTFj/PifzA=="],

    "@yuku-codegen/binding-linux-x64-gnu": ["@yuku-codegen/binding-linux-x64-gnu@0.5.44", "", { "os": "linux", "cpu": "x64" }, "sha512-2bvgIU4P+f4q18grdHoGnt9L6XlAciq/8GWpM06fmwj8qqruS8qwwwZXBk3/0U2+IHGv9pXRR8GtSXzl5n/blg=="],

    "@yuku-codegen/binding-linux-x64-musl": ["@yuku-codegen/binding-linux-x64-musl@0.5.44", "", { "os": "linux", "cpu": "x64" }, "sha512-EzX5hWK0MmU4fbqY9coc5PJ0y0LYjrBdAF7mjSyetdK/yWRGBfHi9nh0dUJ0lqb47653hxB8/r9byfYgg6ecbA=="],

    "@yuku-codegen/binding-win32-arm64": ["@yuku-codegen/binding-win32-arm64@0.5.44", "", { "os": "win32", "cpu": "arm64" }, "sha512-/ajGFWcOLGtmVUdxWKXDW6Ixtez68xxtmd2l95xNg8Lzs4aqbV2cy0Ns2Bzg9vjHsgDIooQlLXHpWh6HsHcy6w=="],

    "@yuku-codegen/binding-win32-x64": ["@yuku-codegen/binding-win32-x64@0.5.44", "", { "os": "win32", "cpu": "x64" }, "sha512-geuJQ7FKI8YUtBgW8w72ChMfMvYy3gSytACxB4HOkylsoutrhH6lUNYHk1ny/p8u8t47NGxktpnzVJzI8IzJkA=="],

    "@yuku-parser/binding-darwin-arm64": ["@yuku-parser/binding-darwin-arm64@0.5.44", "", { "os": "darwin", "cpu": "arm64" }, "sha512-EXSW5w1YOIMyxu53MFxP43gTDeHlQueOjk8AEI9tuLF5976bDq3MXuIgzQvZKPVAirxGZu8+ANVXH1WcAH1G6A=="],

    "@yuku-parser/binding-darwin-x64": ["@yuku-parser/binding-darwin-x64@0.5.44", "", { "os": "darwin", "cpu": "x64" }, "sha512-pJBHsKxqR/nPwwaXgkkYTVo3G9dJ/AXhWsYyKyadU1zLg9gGfVwVTMehqwwutMCONDsLqOmEv/UqItmhpVsQJw=="],

    "@yuku-parser/binding-freebsd-x64": ["@yuku-parser/binding-freebsd-x64@0.5.44", "", { "os": "freebsd", "cpu": "x64" }, "sha512-fOqYX5BQML94uj9hd3a+LlBNz54OoDm6l+wgUIZ8UUkOBfPV+w2lux1jj9FKXT85wwjDOFhgZ/XQYSEDK/N9mA=="],

    "@yuku-parser/binding-linux-arm-gnu": ["@yuku-parser/binding-linux-arm-gnu@0.5.44", "", { "os": "linux", "cpu": "arm" }, "sha512-kA2jRNh2cbbHDbhBN9IR8CnYI4UZHNQg0OVz6+V16Ph5VlLYpfv/6GdCmvQQoTGAnhFlbQiRoQys03ey91FTew=="],

    "@yuku-parser/binding-linux-arm-musl": ["@yuku-parser/binding-linux-arm-musl@0.5.44", "", { "os": "linux", "cpu": "arm" }, "sha512-TQ82L8c5Lxl3HBOmw0uGfCcsyw0mp7DVGwCuW24OdDWak6BKaumvB8/Ep1llPOvhk5xgSFB7fsqgh6sIwkNRew=="],

    "@yuku-parser/binding-linux-arm64-gnu": ["@yuku-parser/binding-linux-arm64-gnu@0.5.44", "", { "os": "linux", "cpu": "arm64" }, "sha512-o6up+m/MsoMEtq6h4JTzmzKOvH9o3o41vK8oiok0LOZoPOFOqOSqC+N5V2ArD1O54m5LUq6ErghAbGWiPsMsqg=="],

    "@yuku-parser/binding-linux-arm64-musl": ["@yuku-parser/binding-linux-arm64-musl@0.5.44", "", { "os": "linux", "cpu": "arm64" }, "sha512-3XZoiHhtrjWKgk7CJC/sGzk1TE57SDPYzOFXUg6CZrigRZ+c0Q5ItzJpyAvhzlxv5ruNRYiuGvFbaRSIDnp2BA=="],

    "@yuku-parser/binding-linux-x64-gnu": ["@yuku-parser/binding-linux-x64-gnu@0.5.44", "", { "os": "linux", "cpu": "x64" }, "sha512-7KYCySZI6cjsdeiiIwvviDfJFd4Xj5gjNBzm9akUpwxRXNwaHHuEq2yGkVdGqj3BT6dJsiNhJIhtS6k7/HJdFA=="],

    "@yuku-parser/binding-linux-x64-musl": ["@yuku-parser/binding-linux-x64-musl@0.5.44", "", { "os": "linux", "cpu": "x64" }, "sha512-SLU/nXwOjET2XlOiO984sAzCloiWw0+JdcWpGzXLz3JQWbdiblxWC9cIvB0fCtKdDhX1mIutKNEH+RRRJADYcQ=="],

    "@yuku-parser/binding-win32-arm64": ["@yuku-parser/binding-win32-arm64@0.5.44", "", { "os": "win32", "cpu": "arm64" }, "sha512-LGmaJtB2mVqPD7Gu/RKAu9aIVxlaKPOgKB8RPHeFFD5Tf/apCiWZix1tkBjdOAo9cVEAoR9qnVHE6zJ+OG0drQ=="],

    "@yuku-parser/binding-win32-x64": ["@yuku-parser/binding-win32-x64@0.5.44", "", { "os": "win32", "cpu": "x64" }, "sha512-2i0FTklLuhBIgILvtEQ3IN3J4qaTMKlxptseWNrz4F5mimL9UpQFUniVju9OOInwP2O1vgLdZn8EBjEXGNCHmg=="],

    "@yuku-toolchain/types": ["@yuku-toolchain/types@0.5.43", "", {}, "sha512-kSpvPntnXw5+lYjO71ffBEnQ5ycQ74KGIYknh0TS4xeyCuBkOqxyJumxZkMhLBBUCLjDAbx2+Icnr3Zh4ftjpQ=="],

    "ansis": ["ansis@4.3.1", "", {}, "sha512-BJ8/l4R5LRE7hW9WdSuGYrLSHi2ynxeFpDFbH0K/CgNeY/tyhk+vO6TYxXC5r5CpUhNVX310xzPsN/H9lCdfOA=="],

    "ansispeck": ["ansispeck@0.1.2", "", {}, "sha512-C8cz1NraBBRgr0pyr3paCq9qbCIUxDzvCIatE7enZtV8CfTeEiN/difCpHMESr3rCvovahD+IEVNcf7kaw0NRQ=="],

    "bun-types": ["bun-types@1.3.14", "", { "dependencies": { "@types/node": "*" } }, "sha512-4N0ig0fEomHt5R0KCFWjovxow98rIoRwKolrYdCcknNwMekCXRnWEUvgu5soYV8QXtVsrUD8B95MBOZGPvr6KQ=="],

    "cac": ["cac@7.0.0", "", {}, "sha512-tixWYgm5ZoOD+3g6UTea91eow5z6AAHaho3g0V9CNSNb45gM8SmflpAc+GRd1InC4AqN/07Unrgp56Y94N9hJQ=="],

    "defu": ["defu@6.1.7", "", {}, "sha512-7z22QmUWiQ/2d0KkdYmANbRUVABpZ9SNYyH5vx6PZ+nE5bcC0l7uFvEfHlyld/HcGBFTL536ClDt3DEcSlEJAQ=="],

    "dts-resolver": ["dts-resolver@3.0.0", "", { "peerDependencies": { "oxc-resolver": ">=11.0.0" }, "optionalPeers": ["oxc-resolver"] }, "sha512-1T1f+z+4tl9XD+m+0HBgWoL/nm0bOIffyWaUuUSBlFg/86IWvfx+wjNaO/ybU0AJzG9/Mi5hBUgGV6zCmWEN7Q=="],

    "empathic": ["empathic@2.0.1", "", {}, "sha512-YGRs8knHhKHVShLkFET/rWAU8kmHbOV5LwN938RHI0pljAJ1Gf6SzXsSmRaEzcXTtOOmVqJ5+WtQPL5uigY50Q=="],

    "fdir": ["fdir@6.5.0", "", { "peerDependencies": { "picomatch": "^3 || ^4" }, "optionalPeers": ["picomatch"] }, "sha512-tIbYtZbucOs0BRGqPJkshJUYdL+SDH7dVM8gjy+ERp3WAUjLEFJE+02kanyHtwjWOnwrKYBiwAmM0p4kLJAnXg=="],

    "get-tsconfig": ["get-tsconfig@5.0.0-beta.5", "", { "dependencies": { "resolve-pkg-maps": "^1.0.0" } }, "sha512-/6gFNr0N04nob252sTQxyFLi3eKFRqIg1I87YcqAMT1i6SQrSF6KujUEQrtrjMV0H/eejTCltLdDSTEMzHbnsQ=="],

    "hookable": ["hookable@6.1.1", "", {}, "sha512-U9LYDy1CwhMCnprUfeAZWZGByVbhd54hwepegYTK7Pi5NvqEj63ifz5z+xukznehT7i6NIZRu89Ay1AZmRsLEQ=="],

    "import-without-cache": ["import-without-cache@0.4.0", "", {}, "sha512-NkJQA7oZ4YHQhd2+H3BoRFKF3d/XNsiKpHZCQEMH9pDX27hQQLsTyOocyRgaIVtf8gHX3Nt3LPkR4e5EdtPAGQ=="],

    "obug": ["obug@2.1.3", "", {}, "sha512-9miFgM2OFba7hB+pRgvtV84pYTBaoTHohvmIgiRt6dRIzbwEOIaNaP+dIlGs2fNFoB0SeISs0Jz5WFVRid6Xyg=="],

    "picomatch": ["picomatch@4.0.5", "", {}, "sha512-RvwwcruNjI1ncT5xRakeyS9Lf8lcItv34KD+aif+VH9kduAyfYBipGh12274xtenIPZ119/R9BdTBa8gAwSh0A=="],

    "quansync": ["quansync@1.0.0", "", {}, "sha512-5xZacEEufv3HSTPQuchrvV6soaiACMFnq1H8wkVioctoH3TRha9Sz66lOxRwPK/qZj7HPiSveih9yAyh98gvqA=="],

    "resolve-pkg-maps": ["resolve-pkg-maps@1.0.0", "", {}, "sha512-seS2Tj26TBVOC2NIc2rOe2y2ZO7efxITtLZcGSOnHHNOQ7CkiUBfw0Iw2ck6xkIhPwLhKNLS8BO+hEpngQlqzw=="],

    "rolldown": ["rolldown@1.1.5", "", { "dependencies": { "@oxc-project/types": "=0.139.0", "@rolldown/pluginutils": "^1.0.0" }, "optionalDependencies": { "@rolldown/binding-android-arm64": "1.1.5", "@rolldown/binding-darwin-arm64": "1.1.5", "@rolldown/binding-darwin-x64": "1.1.5", "@rolldown/binding-freebsd-x64": "1.1.5", "@rolldown/binding-linux-arm-gnueabihf": "1.1.5", "@rolldown/binding-linux-arm64-gnu": "1.1.5", "@rolldown/binding-linux-arm64-musl": "1.1.5", "@rolldown/binding-linux-ppc64-gnu": "1.1.5", "@rolldown/binding-linux-s390x-gnu": "1.1.5", "@rolldown/binding-linux-x64-gnu": "1.1.5", "@rolldown/binding-linux-x64-musl": "1.1.5", "@rolldown/binding-openharmony-arm64": "1.1.5", "@rolldown/binding-wasm32-wasi": "1.1.5", "@rolldown/binding-win32-arm64-msvc": "1.1.5", "@rolldown/binding-win32-x64-msvc": "1.1.5" }, "bin": { "rolldown": "./bin/cli.mjs" } }, "sha512-t9z29cJjXf/vxQ8dyhCSpt6H6aSwHTk8cT5I3iy6SMXuFpk5mB6PL6XfC8PCwrPTx93udwKUm9HRteAlTGBLiA=="],

    "rolldown-plugin-dts": ["rolldown-plugin-dts@0.27.4", "", { "dependencies": { "dts-resolver": "^3.0.0", "get-tsconfig": "5.0.0-beta.5", "obug": "^2.1.3", "yuku-ast": "^0.1.7", "yuku-codegen": "^0.5.44", "yuku-parser": "^0.5.44" }, "peerDependencies": { "@ts-macro/tsc": "^0.3.6", "@typescript/native-preview": ">=7.0.0-dev.20260325.1", "rolldown": "^1.0.0", "typescript": "^5.0.0 || ^6.0.0 || ^7.0.0", "vue-tsc": "~3.2.0 || ~3.3.0" }, "optionalPeers": ["@ts-macro/tsc", "@typescript/native-preview", "typescript", "vue-tsc"] }, "sha512-z1uz1gH2sJ55i6JY/xi3q7gsI5CPthefDp5HYXnBlrkN1L3K4tx+gyAQO3Udt69ASWItWKwXJ55nKQq2HCMVfA=="],

    "runner-run": ["runner-run@0.19.1", "", { "optionalDependencies": { "@runner-run/darwin-arm64": "0.19.1", "@runner-run/darwin-x64": "0.19.1", "@runner-run/freebsd-arm64": "0.19.1", "@runner-run/freebsd-x64": "0.19.1", "@runner-run/linux-arm64-gnu": "0.19.1", "@runner-run/linux-arm64-musl": "0.19.1", "@runner-run/linux-armv7-gnueabihf": "0.19.1", "@runner-run/linux-x64-gnu": "0.19.1", "@runner-run/linux-x64-musl": "0.19.1", "@runner-run/netbsd-x64": "0.19.1", "@runner-run/win32-arm64-msvc": "0.19.1", "@runner-run/win32-ia32-msvc": "0.19.1", "@runner-run/win32-x64-msvc": "0.19.1" }, "bin": { "run": "bin/run.cjs", "runner": "bin/runner.cjs", "runner-run": "bin/runner.cjs" } }, "sha512-QNBk/E96yf6NDesYiIFLV52BICvy2HKYlvm9roOjrZRvUcE7scjsOFQT/kKJn2wnu7v3rMZIlZI0/ThgKQrYoQ=="],

    "semver": ["semver@7.8.5", "", { "bin": { "semver": "bin/semver.js" } }, "sha512-Y7/KDsb8LjooZpwaqGyulO6DQlksgCncchHGk+sZIY4SBvUocMBEFH5Ur1fI4dV+Jvl0w6cjvucaIi40puRioA=="],

    "statuspage.io": ["statuspage.io@3.5.0", "", { "dependencies": { "@ffflorian/api-client": "2.5.1" } }, "sha512-n2c57kdTLa+A7vzkM1PUtzLN4jvZkqNxqn+nfKvdZd5fXLDPoNYKgXYmL78g6RY/t7fVMXPjYn13cUYPZU/DnA=="],

    "tinyexec": ["tinyexec@1.2.4", "", {}, "sha512-SHf/r48b7vOrjve9PxJo3MN5v5yuyjHvdUcrQffT3WXMUfnGmHDVbC4k3sHJaJTgZCwpUplIaAo5ANtMyp3YHg=="],

    "tinyglobby": ["tinyglobby@0.2.17", "", { "dependencies": { "fdir": "^6.5.0", "picomatch": "^4.0.4" } }, "sha512-wXR/dYpcqKmfWpEdZjiKJOwCNFndD0DMnrW/cYjVGttEkBfVgcLFHoNrlj47mjOVic9yyNu65alsgF4NQyTa2g=="],

    "tree-kill": ["tree-kill@1.2.2", "", { "bin": { "tree-kill": "cli.js" } }, "sha512-L0Orpi8qGpRG//Nd+H90vFB+3iHnue1zSSGmNOOCh1GLJ7rUKVwV2HvijphGQS2UmhUZewS9VgvxYIdgr+fG1A=="],

    "tsdown": ["tsdown@0.22.4", "", { "dependencies": { "ansis": "^4.3.1", "cac": "^7.0.0", "defu": "^6.1.7", "empathic": "^2.0.1", "hookable": "^6.1.1", "import-without-cache": "^0.4.0", "obug": "^2.1.3", "picomatch": "^4.0.5", "rolldown": "~1.1.4", "rolldown-plugin-dts": "^0.27.1", "semver": "^7.8.5", "tinyexec": "^1.2.4", "tinyglobby": "^0.2.17", "tree-kill": "^1.2.2", "unconfig-core": "^7.5.0" }, "peerDependencies": { "@arethetypeswrong/core": "^0.18.1", "@tsdown/css": "0.22.4", "@tsdown/exe": "0.22.4", "@vitejs/devtools": "*", "publint": "^0.3.8", "tsx": "*", "typescript": "^5.0.0 || ^6.0.0", "unplugin-unused": "^0.5.0", "unrun": "*" }, "optionalPeers": ["@arethetypeswrong/core", "@tsdown/css", "@tsdown/exe", "@vitejs/devtools", "publint", "tsx", "typescript", "unplugin-unused", "unrun"], "bin": { "tsdown": "./dist/run.mjs" } }, "sha512-3a5FsNL2fH2jw3ozvFUuPMBgS0xXjX9wpZShHyB4klXelVhyaNw5Q5WA9TPCNeoGYpRZEc4OZdMx5wT4Fkma3A=="],

    "tslib": ["tslib@2.8.1", "", {}, "sha512-oJFu94HQb+KVduSUQL7wnpmqnfmLsOA/nAh6b6EH0wCEoK0/mPeXU6c3wKDV83MkOuHPRHtSXKKU99IBazS/2w=="],

    "typescript": ["typescript@7.0.2", "", { "optionalDependencies": { "@typescript/typescript-aix-ppc64": "7.0.2", "@typescript/typescript-darwin-arm64": "7.0.2", "@typescript/typescript-darwin-x64": "7.0.2", "@typescript/typescript-freebsd-arm64": "7.0.2", "@typescript/typescript-freebsd-x64": "7.0.2", "@typescript/typescript-linux-arm": "7.0.2", "@typescript/typescript-linux-arm64": "7.0.2", "@typescript/typescript-linux-loong64": "7.0.2", "@typescript/typescript-linux-mips64el": "7.0.2", "@typescript/typescript-linux-ppc64": "7.0.2", "@typescript/typescript-linux-riscv64": "7.0.2", "@typescript/typescript-linux-s390x": "7.0.2", "@typescript/typescript-linux-x64": "7.0.2", "@typescript/typescript-netbsd-arm64": "7.0.2", "@typescript/typescript-netbsd-x64": "7.0.2", "@typescript/typescript-openbsd-arm64": "7.0.2", "@typescript/typescript-openbsd-x64": "7.0.2", "@typescript/typescript-sunos-x64": "7.0.2", "@typescript/typescript-win32-arm64": "7.0.2", "@typescript/typescript-win32-x64": "7.0.2" }, "bin": { "tsc": "bin/tsc" } }, "sha512-8FYau96o3NKOhbjKi/qNvG/W5jhzxkbdm5sj9AbZ/5T5sWqn3hJgLfGx27sRKZWTvyzCP8dLRBTf5tBTSRVUNA=="],

    "unconfig-core": ["unconfig-core@7.5.0", "", { "dependencies": { "@quansync/fs": "^1.0.0", "quansync": "^1.0.0" } }, "sha512-Su3FauozOGP44ZmKdHy2oE6LPjk51M/TRRjHv2HNCWiDvfvCoxC2lno6jevMA91MYAdCdwP05QnWdWpSbncX/w=="],

    "undici-types": ["undici-types@8.3.0", "", {}, "sha512-j375ScV60dom+YkPFIfTLcOiPxkN/buHz5GobjLhixFuANaNs3C9l4GmrWqejgXWJ7BbJcFYpTEUkS1Ge8bpZQ=="],

    "yuku-ast": ["yuku-ast@0.1.7", "", { "dependencies": { "@yuku-toolchain/types": "0.5.43" } }, "sha512-2RiMEWv500TixY5rJy6OZd4fSy9WYZKWh6gGbIJ7y7vAGcuCugWOWwOLGaQcRZrXcPUfqtLtvpaJ3SdXtWlhKA=="],

    "yuku-codegen": ["yuku-codegen@0.5.44", "", { "dependencies": { "@yuku-toolchain/types": "0.5.43" }, "optionalDependencies": { "@yuku-codegen/binding-darwin-arm64": "0.5.44", "@yuku-codegen/binding-darwin-x64": "0.5.44", "@yuku-codegen/binding-freebsd-x64": "0.5.44", "@yuku-codegen/binding-linux-arm-gnu": "0.5.44", "@yuku-codegen/binding-linux-arm-musl": "0.5.44", "@yuku-codegen/binding-linux-arm64-gnu": "0.5.44", "@yuku-codegen/binding-linux-arm64-musl": "0.5.44", "@yuku-codegen/binding-linux-x64-gnu": "0.5.44", "@yuku-codegen/binding-linux-x64-musl": "0.5.44", "@yuku-codegen/binding-win32-arm64": "0.5.44", "@yuku-codegen/binding-win32-x64": "0.5.44" } }, "sha512-0rhtgWGz+bR3Pe7xqJ5E4VqxI1vqNtkeJRkeXM0Qd3tgldYClQipxa9bRZyuNOOfk0Ri02scrjnkoAHM16/f2g=="],

    "yuku-parser": ["yuku-parser@0.5.44", "", { "dependencies": { "@yuku-toolchain/types": "0.5.43" }, "optionalDependencies": { "@yuku-parser/binding-darwin-arm64": "0.5.44", "@yuku-parser/binding-darwin-x64": "0.5.44", "@yuku-parser/binding-freebsd-x64": "0.5.44", "@yuku-parser/binding-linux-arm-gnu": "0.5.44", "@yuku-parser/binding-linux-arm-musl": "0.5.44", "@yuku-parser/binding-linux-arm64-gnu": "0.5.44", "@yuku-parser/binding-linux-arm64-musl": "0.5.44", "@yuku-parser/binding-linux-x64-gnu": "0.5.44", "@yuku-parser/binding-linux-x64-musl": "0.5.44", "@yuku-parser/binding-win32-arm64": "0.5.44", "@yuku-parser/binding-win32-x64": "0.5.44" } }, "sha512-mAhpQZ/bXjxZmKiGUqEWskC9mZTcTBv6/fdzVdzdjM6XuD1DP3IavdLVWdM39L9ewK9vS9OtJmaKNeWgRzpy0w=="],
  }
}
